
Microsoft Visual Studio Solution File, Format Version 12.00
# Visual Studio Version 17
VisualStudioVersion = 17.8.34511.84
MinimumVisualStudioVersion = 10.0.40219.1
Project("{9A19103F-16F7-4668-BE54-9A1E7A4F7556}") = "LIN.Notes", "LIN.Notes\LIN.Notes.csproj", "{8243E62B-69AF-48D1-A055-ACEA02A231EB}"
EndProject
Project("{9A19103F-16F7-4668-BE54-9A1E7A4F7556}") = "LIN.Access.Auth", "D:\LIN Services\AccesoAPI\LIN.Access.Auth\LIN.Access.Auth.csproj", "{9F6D47AB-AB07-4750-BB4A-F0A436321B6A}"
EndProject
Project("{9A19103F-16F7-4668-BE54-9A1E7A4F7556}") = "LIN.Types", "D:\LIN Services\Tipos\LIN.Types\LIN.Types.csproj", "{24457496-44E8-4572-ABC7-337D74F76F86}"
EndProject
Project("{9A19103F-16F7-4668-BE54-9A1E7A4F7556}") = "LIN.Types.Cloud.Identity", "D:\LIN Services\Tipos\LIN.Types.Cloud.Identity\LIN.Types.Cloud.Identity.csproj", "{0BF0E2B5-957B-4548-974F-44C762D2F085}"
EndProject
Project("{9A19103F-16F7-4668-BE54-9A1E7A4F7556}") = "LIN.Access.Notes", "..\..\AccesoAPI\LIN.Access.Notes\LIN.Access.Notes.csproj", "{F5DC716C-5B02-4D67-B144-0D7F0B13EDF1}"
EndProject
Project("{9A19103F-16F7-4668-BE54-9A1E7A4F7556}") = "LIN.Types.Notes", "..\..\Tipos\LIN.Types.Notes\LIN.Types.Notes.csproj", "{A6F85AD3-5F20-452C-8573-407072D45F13}"
EndProject
Project("{9A19103F-16F7-4668-BE54-9A1E7A4F7556}") = "LIN.Types.Emma", "..\..\Tipos\LIN.Types.Emma\LIN.Types.Emma.csproj", "{1F08CDD0-986C-4F5B-A24F-7BC396A29261}"
EndProject
Project("{9A19103F-16F7-4668-BE54-9A1E7A4F7556}") = "LIN.LocalDataBase", "LIN.LocalDataBase\LIN.LocalDataBase.csproj", "{A387DD8E-DE43-4935-905C-69D253775231}"
EndProject
Global
	GlobalSection(SolutionConfigurationPlatforms) = preSolution
		Debug|Any CPU = Debug|Any CPU
		Release|Any CPU = Release|Any CPU
	EndGlobalSection
	GlobalSection(ProjectConfigurationPlatforms) = postSolution
		{8243E62B-69AF-48D1-A055-ACEA02A231EB}.Debug|Any CPU.ActiveCfg = Debug|Any CPU
		{8243E62B-69AF-48D1-A055-ACEA02A231EB}.Debug|Any CPU.Build.0 = Debug|Any CPU
		{8243E62B-69AF-48D1-A055-ACEA02A231EB}.Debug|Any CPU.Deploy.0 = Debug|Any CPU
		{8243E62B-69AF-48D1-A055-ACEA02A231EB}.Release|Any CPU.ActiveCfg = Release|Any CPU
		{8243E62B-69AF-48D1-A055-ACEA02A231EB}.Release|Any CPU.Build.0 = Release|Any CPU
		{8243E62B-69AF-48D1-A055-ACEA02A231EB}.Release|Any CPU.Deploy.0 = Release|Any CPU
		{9F6D47AB-AB07-4750-BB4A-F0A436321B6A}.Debug|Any CPU.ActiveCfg = Debug|Any CPU
		{9F6D47AB-AB07-4750-BB4A-F0A436321B6A}.Debug|Any CPU.Build.0 = Debug|Any CPU
		{9F6D47AB-AB07-4750-BB4A-F0A436321B6A}.Release|Any CPU.ActiveCfg = Release|Any CPU
		{9F6D47AB-AB07-4750-BB4A-F0A436321B6A}.Release|Any CPU.Build.0 = Release|Any CPU
		{24457496-44E8-4572-ABC7-337D74F76F86}.Debug|Any CPU.ActiveCfg = Debug|Any CPU
		{24457496-44E8-4572-ABC7-337D74F76F86}.Debug|Any CPU.Build.0 = Debug|Any CPU
		{24457496-44E8-4572-ABC7-337D74F76F86}.Release|Any CPU.ActiveCfg = Release|Any CPU
		{24457496-44E8-4572-ABC7-337D74F76F86}.Release|Any CPU.Build.0 = Release|Any CPU
		{0BF0E2B5-957B-4548-974F-44C762D2F085}.Debug|Any CPU.ActiveCfg = Debug|Any CPU
		{0BF0E2B5-957B-4548-974F-44C762D2F085}.Debug|Any CPU.Build.0 = Debug|Any CPU
		{0BF0E2B5-957B-4548-974F-44C762D2F085}.Release|Any CPU.ActiveCfg = Release|Any CPU
		{0BF0E2B5-957B-4548-974F-44C762D2F085}.Release|Any CPU.Build.0 = Release|Any CPU
		{F5DC716C-5B02-4D67-B144-0D7F0B13EDF1}.Debug|Any CPU.ActiveCfg = Debug|Any CPU
		{F5DC716C-5B02-4D67-B144-0D7F0B13EDF1}.Debug|Any CPU.Build.0 = Debug|Any CPU
		{F5DC716C-5B02-4D67-B144-0D7F0B13EDF1}.Release|Any CPU.ActiveCfg = Release|Any CPU
		{F5DC716C-5B02-4D67-B144-0D7F0B13EDF1}.Release|Any CPU.Build.0 = Release|Any CPU
		{A6F85AD3-5F20-452C-8573-407072D45F13}.Debug|Any CPU.ActiveCfg = Debug|Any CPU
		{A6F85AD3-5F20-452C-8573-407072D45F13}.Debug|Any CPU.Build.0 = Debug|Any CPU
		{A6F85AD3-5F20-452C-8573-407072D45F13}.Release|Any CPU.ActiveCfg = Release|Any CPU
		{A6F85AD3-5F20-452C-8573-407072D45F13}.Release|Any CPU.Build.0 = Release|Any CPU
		{1F08CDD0-986C-4F5B-A24F-7BC396A29261}.Debug|Any CPU.ActiveCfg = Debug|Any CPU
		{1F08CDD0-986C-4F5B-A24F-7BC396A29261}.Debug|Any CPU.Build.0 = Debug|Any CPU
		{1F08CDD0-986C-4F5B-A24F-7BC396A29261}.Release|Any CPU.ActiveCfg = Release|Any CPU
		{1F08CDD0-986C-4F5B-A24F-7BC396A29261}.Release|Any CPU.Build.0 = Release|Any CPU
		{A387DD8E-DE43-4935-905C-69D253775231}.Debug|Any CPU.ActiveCfg = Debug|Any CPU
		{A387DD8E-DE43-4935-905C-69D253775231}.Debug|Any CPU.Build.0 = Debug|Any CPU
		{A387DD8E-DE43-4935-905C-69D253775231}.Release|Any CPU.ActiveCfg = Release|Any CPU
		{A387DD8E-DE43-4935-905C-69D253775231}.Release|Any CPU.Build.0 = Release|Any CPU
	EndGlobalSection
	GlobalSection(SolutionProperties) = preSolution
		HideSolutionNode = FALSE
	EndGlobalSection
	GlobalSection(ExtensibilityGlobals) = postSolution
		SolutionGuid = {7CC62924-E699-410A-B9C3-0E70887D23C6}
	EndGlobalSection
EndGlobal
